// !$*UTF8*$!
{
	archiveVersion = 1;
	classes = {
	};
	objectVersion = 46;
	objects = {

/* Begin PBXBuildFile section */
		9278399C1A3C0B7300321E69 /* RECommonFunctions.m in Sources */ = {isa = PBXBuildFile; fileRef = 9278399B1A3C0B7300321E69 /* RECommonFunctions.m */; };
		927839A61A3C0B7E00321E69 /* CenterViewController.m in Sources */ = {isa = PBXBuildFile; fileRef = 9278399F1A3C0B7E00321E69 /* CenterViewController.m */; };
		927839A71A3C0B7E00321E69 /* LeftViewController.m in Sources */ = {isa = PBXBuildFile; fileRef = 927839A11A3C0B7E00321E69 /* LeftViewController.m */; };
		927839A91A3C0B7E00321E69 /* ViewController.m in Sources */ = {isa = PBXBuildFile; fileRef = 927839A51A3C0B7E00321E69 /* ViewController.m */; };
		927839B21A3C0B8D00321E69 /* friends.png in Resources */ = {isa = PBXBuildFile; fileRef = 927839AA1A3C0B8D00321E69 /* friends.png */; };
		927839B31A3C0B8D00321E69 /* friends@2x.png in Resources */ = {isa = PBXBuildFile; fileRef = 927839AB1A3C0B8D00321E69 /* friends@2x.png */; };
		927839B41A3C0B8D00321E69 /* home.png in Resources */ = {isa = PBXBuildFile; fileRef = 927839AC1A3C0B8D00321E69 /* home.png */; };
		927839B51A3C0B8D00321E69 /* home@2x.png in Resources */ = {isa = PBXBuildFile; fileRef = 927839AD1A3C0B8D00321E69 /* home@2x.png */; };
		927839B61A3C0B8D00321E69 /* shopping_list.png in Resources */ = {isa = PBXBuildFile; fileRef = 927839AE1A3C0B8D00321E69 /* shopping_list.png */; };
		927839B71A3C0B8D00321E69 /* shopping_list@2x.png in Resources */ = {isa = PBXBuildFile; fileRef = 927839AF1A3C0B8D00321E69 /* shopping_list@2x.png */; };
		927839B81A3C0B8D00321E69 /* work.png in Resources */ = {isa = PBXBuildFile; fileRef = 927839B01A3C0B8D00321E69 /* work.png */; };
		927839B91A3C0B8D00321E69 /* work@2x.png in Resources */ = {isa = PBXBuildFile; fileRef = 927839B11A3C0B8D00321E69 /* work@2x.png */; };
		92AD00181A2D819B00F5B614 /* main.m in Sources */ = {isa = PBXBuildFile; fileRef = 92AD00171A2D819B00F5B614 /* main.m */; };
		92AD001B1A2D819B00F5B614 /* AppDelegate.m in Sources */ = {isa = PBXBuildFile; fileRef = 92AD001A1A2D819B00F5B614 /* AppDelegate.m */; };
		92AD00211A2D819B00F5B614 /* Main.storyboard in Resources */ = {isa = PBXBuildFile; fileRef = 92AD001F1A2D819B00F5B614 /* Main.storyboard */; };
		92AD00231A2D819B00F5B614 /* Images.xcassets in Resources */ = {isa = PBXBuildFile; fileRef = 92AD00221A2D819B00F5B614 /* Images.xcassets */; };
		92AD00261A2D819B00F5B614 /* LaunchScreen.xib in Resources */ = {isa = PBXBuildFile; fileRef = 92AD00241A2D819B00F5B614 /* LaunchScreen.xib */; };
		92AD00321A2D819B00F5B614 /* PageFoldingMenuTests.m in Sources */ = {isa = PBXBuildFile; fileRef = 92AD00311A2D819B00F5B614 /* PageFoldingMenuTests.m */; };
		F356CBEA7EB61B4F81A2C8B0 /* libPods.a in Frameworks */ = {isa = PBXBuildFile; fileRef = 9DEE0602C3282064829BC813 /* libPods.a */; };
/* End PBXBuildFile section */

/* Begin PBXContainerItemProxy section */
		92AD002C1A2D819B00F5B614 /* PBXContainerItemProxy */ = {
			isa = PBXContainerItemProxy;
			containerPortal = 92AD000A1A2D819B00F5B614 /* Project object */;
			proxyType = 1;
			remoteGlobalIDString = 92AD00111A2D819B00F5B614;
			remoteInfo = PageFoldingMenu;
		};
/* End PBXContainerItemProxy section */

/* Begin PBXFileReference section */
		4731A3D4894C0CA7E49D913C /* Pods.release.xcconfig */ = {isa = PBXFileReference; includeInIndex = 1; lastKnownFileType = text.xcconfig; name = Pods.release.xcconfig; path = "Pods/Target Support Files/Pods/Pods.release.xcconfig"; sourceTree = "<group>"; };
		927839991A3C0B7300321E69 /* MacroDefinition.h */ = {isa = PBXFileReference; fileEncoding = 4; lastKnownFileType = sourcecode.c.h; path = MacroDefinition.h; sourceTree = "<group>"; };
		9278399A1A3C0B7300321E69 /* RECommonFunctions.h */ = {isa = PBXFileReference; fileEncoding = 4; lastKnownFileType = sourcecode.c.h; path = RECommonFunctions.h; sourceTree = "<group>"; };
		9278399B1A3C0B7300321E69 /* RECommonFunctions.m */ = {isa = PBXFileReference; fileEncoding = 4; lastKnownFileType = sourcecode.c.objc; path = RECommonFunctions.m; sourceTree = "<group>"; };
		9278399E1A3C0B7E00321E69 /* CenterViewController.h */ = {isa = PBXFileReference; fileEncoding = 4; lastKnownFileType = sourcecode.c.h; path = CenterViewController.h; sourceTree = "<group>"; };
		9278399F1A3C0B7E00321E69 /* CenterViewController.m */ = {isa = PBXFileReference; fileEncoding = 4; lastKnownFileType = sourcecode.c.objc; path = CenterViewController.m; sourceTree = "<group>"; };
		927839A01A3C0B7E00321E69 /* LeftViewController.h */ = {isa = PBXFileReference; fileEncoding = 4; lastKnownFileType = sourcecode.c.h; path = LeftViewController.h; sourceTree = "<group>"; };
		927839A11A3C0B7E00321E69 /* LeftViewController.m */ = {isa = PBXFileReference; fileEncoding = 4; lastKnownFileType = sourcecode.c.objc; path = LeftViewController.m; sourceTree = "<group>"; };
		927839A41A3C0B7E00321E69 /* ViewController.h */ = {isa = PBXFileReference; fileEncoding = 4; lastKnownFileType = sourcecode.c.h; path = ViewController.h; sourceTree = "<group>"; };
		927839A51A3C0B7E00321E69 /* ViewController.m */ = {isa = PBXFileReference; fileEncoding = 4; lastKnownFileType = sourcecode.c.objc; path = ViewController.m; sourceTree = "<group>"; };
		927839AA1A3C0B8D00321E69 /* friends.png */ = {isa = PBXFileReference; lastKnownFileType = image.png; path = friends.png; sourceTree = "<group>"; };
		927839AB1A3C0B8D00321E69 /* friends@2x.png */ = {isa = PBXFileReference; lastKnownFileType = image.png; path = "friends@2x.png"; sourceTree = "<group>"; };
		927839AC1A3C0B8D00321E69 /* home.png */ = {isa = PBXFileReference; lastKnownFileType = image.png; path = home.png; sourceTree = "<group>"; };
		927839AD1A3C0B8D00321E69 /* home@2x.png */ = {isa = PBXFileReference; lastKnownFileType = image.png; path = "home@2x.png"; sourceTree = "<group>"; };
		927839AE1A3C0B8D00321E69 /* shopping_list.png */ = {isa = PBXFileReference; lastKnownFileType = image.png; path = shopping_list.png; sourceTree = "<group>"; };
		927839AF1A3C0B8D00321E69 /* shopping_list@2x.png */ = {isa = PBXFileReference; lastKnownFileType = image.png; path = "shopping_list@2x.png"; sourceTree = "<group>"; };
		927839B01A3C0B8D00321E69 /* work.png */ = {isa = PBXFileReference; lastKnownFileType = image.png; path = work.png; sourceTree = "<group>"; };
		927839B11A3C0B8D00321E69 /* work@2x.png */ = {isa = PBXFileReference; lastKnownFileType = image.png; path = "work@2x.png"; sourceTree = "<group>"; };
		92AD00121A2D819B00F5B614 /* PageFoldingMenu.app */ = {isa = PBXFileReference; explicitFileType = wrapper.application; includeInIndex = 0; path = PageFoldingMenu.app; sourceTree = BUILT_PRODUCTS_DIR; };
		92AD00161A2D819B00F5B614 /* Info.plist */ = {isa = PBXFileReference; lastKnownFileType = text.plist.xml; path = Info.plist; sourceTree = "<group>"; };
		92AD00171A2D819B00F5B614 /* main.m */ = {isa = PBXFileReference; lastKnownFileType = sourcecode.c.objc; path = main.m; sourceTree = "<group>"; };
		92AD00191A2D819B00F5B614 /* AppDelegate.h */ = {isa = PBXFileReference; lastKnownFileType = sourcecode.c.h; path = AppDelegate.h; sourceTree = "<group>"; };
		92AD001A1A2D819B00F5B614 /* AppDelegate.m */ = {isa = PBXFileReference; lastKnownFileType = sourcecode.c.objc; path = AppDelegate.m; sourceTree = "<group>"; };
		92AD00201A2D819B00F5B614 /* Base */ = {isa = PBXFileReference; lastKnownFileType = file.storyboard; name = Base; path = Base.lproj/Main.storyboard; sourceTree = "<group>"; };
		92AD00221A2D819B00F5B614 /* Images.xcassets */ = {isa = PBXFileReference; lastKnownFileType = folder.assetcatalog; path = Images.xcassets; sourceTree = "<group>"; };
		92AD00251A2D819B00F5B614 /* Base */ = {isa = PBXFileReference; lastKnownFileType = file.xib; name = Base; path = Base.lproj/LaunchScreen.xib; sourceTree = "<group>"; };
		92AD002B1A2D819B00F5B614 /* PageFoldingMenuTests.xctest */ = {isa = PBXFileReference; explicitFileType = wrapper.cfbundle; includeInIndex = 0; path = PageFoldingMenuTests.xctest; sourceTree = BUILT_PRODUCTS_DIR; };
		92AD00301A2D819B00F5B614 /* Info.plist */ = {isa = PBXFileReference; lastKnownFileType = text.plist.xml; path = Info.plist; sourceTree = "<group>"; };
		92AD00311A2D819B00F5B614 /* PageFoldingMenuTests.m */ = {isa = PBXFileReference; lastKnownFileType = sourcecode.c.objc; path = PageFoldingMenuTests.m; sourceTree = "<group>"; };
		9DEE0602C3282064829BC813 /* libPods.a */ = {isa = PBXFileReference; explicitFileType = archive.ar; includeInIndex = 0; path = libPods.a; sourceTree = BUILT_PRODUCTS_DIR; };
		A3B785EB927762E3AC803408 /* Pods.debug.xcconfig */ = {isa = PBXFileReference; includeInIndex = 1; lastKnownFileType = text.xcconfig; name = Pods.debug.xcconfig; path = "Pods/Target Support Files/Pods/Pods.debug.xcconfig"; sourceTree = "<group>"; };
/* End PBXFileReference section */

/* Begin PBXFrameworksBuildPhase section */
		92AD000F1A2D819B00F5B614 /* Frameworks */ = {
			isa = PBXFrameworksBuildPhase;
			buildActionMask = 2147483647;
			files = (
				F356CBEA7EB61B4F81A2C8B0 /* libPods.a in Frameworks */,
			);
			runOnlyForDeploymentPostprocessing = 0;
		};
		92AD00281A2D819B00F5B614 /* Frameworks */ = {
			isa = PBXFrameworksBuildPhase;
			buildActionMask = 2147483647;
			files = (
			);
			runOnlyForDeploymentPostprocessing = 0;
		};
/* End PBXFrameworksBuildPhase section */

/* Begin PBXGroup section */
		066FF105E4E8580C22017C5E /* Frameworks */ = {
			isa = PBXGroup;
			children = (
				9DEE0602C3282064829BC813 /* libPods.a */,
			);
			name = Frameworks;
			sourceTree = "<group>";
		};
		57C3157258FDCB94E24B0C4A /* Pods */ = {
			isa = PBXGroup;
			children = (
				A3B785EB927762E3AC803408 /* Pods.debug.xcconfig */,
				4731A3D4894C0CA7E49D913C /* Pods.release.xcconfig */,
			);
			name = Pods;
			sourceTree = "<group>";
		};
		927839971A3C0B1D00321E69 /* Resource */ = {
			isa = PBXGroup;
			children = (
				927839AA1A3C0B8D00321E69 /* friends.png */,
				927839AB1A3C0B8D00321E69 /* friends@2x.png */,
				927839AC1A3C0B8D00321E69 /* home.png */,
				927839AD1A3C0B8D00321E69 /* home@2x.png */,
				927839AE1A3C0B8D00321E69 /* shopping_list.png */,
				927839AF1A3C0B8D00321E69 /* shopping_list@2x.png */,
				927839B01A3C0B8D00321E69 /* work.png */,
				927839B11A3C0B8D00321E69 /* work@2x.png */,
			);
			path = Resource;
			sourceTree = "<group>";
		};
		927839981A3C0B7300321E69 /* Util */ = {
			isa = PBXGroup;
			children = (
				927839991A3C0B7300321E69 /* MacroDefinition.h */,
				9278399A1A3C0B7300321E69 /* RECommonFunctions.h */,
				9278399B1A3C0B7300321E69 /* RECommonFunctions.m */,
			);
			path = Util;
			sourceTree = "<group>";
		};
		9278399D1A3C0B7E00321E69 /* Controller */ = {
			isa = PBXGroup;
			children = (
				9278399E1A3C0B7E00321E69 /* CenterViewController.h */,
				9278399F1A3C0B7E00321E69 /* CenterViewController.m */,
				927839A01A3C0B7E00321E69 /* LeftViewController.h */,
				927839A11A3C0B7E00321E69 /* LeftViewController.m */,
				927839A41A3C0B7E00321E69 /* ViewController.h */,
				927839A51A3C0B7E00321E69 /* ViewController.m */,
			);
			path = Controller;
			sourceTree = "<group>";
		};
		92AD00091A2D819B00F5B614 = {
			isa = PBXGroup;
			children = (
				92AD00141A2D819B00F5B614 /* PageFoldingMenu */,
				92AD002E1A2D819B00F5B614 /* PageFoldingMenuTests */,
				92AD00131A2D819B00F5B614 /* Products */,
				57C3157258FDCB94E24B0C4A /* Pods */,
				066FF105E4E8580C22017C5E /* Frameworks */,
			);
			sourceTree = "<group>";
		};
		92AD00131A2D819B00F5B614 /* Products */ = {
			isa = PBXGroup;
			children = (
				92AD00121A2D819B00F5B614 /* PageFoldingMenu.app */,
				92AD002B1A2D819B00F5B614 /* PageFoldingMenuTests.xctest */,
			);
			name = Products;
			sourceTree = "<group>";
		};
		92AD00141A2D819B00F5B614 /* PageFoldingMenu */ = {
			isa = PBXGroup;
			children = (
				9278399D1A3C0B7E00321E69 /* Controller */,
				927839981A3C0B7300321E69 /* Util */,
				927839971A3C0B1D00321E69 /* Resource */,
				92AD00191A2D819B00F5B614 /* AppDelegate.h */,
				92AD001A1A2D819B00F5B614 /* AppDelegate.m */,
				92AD001F1A2D819B00F5B614 /* Main.storyboard */,
				92AD00221A2D819B00F5B614 /* Images.xcassets */,
				92AD00241A2D819B00F5B614 /* LaunchScreen.xib */,
				92AD00151A2D819B00F5B614 /* Supporting Files */,
			);
			path = PageFoldingMenu;
			sourceTree = "<group>";
		};
		92AD00151A2D819B00F5B614 /* Supporting Files */ = {
			isa = PBXGroup;
			children = (
				92AD00161A2D819B00F5B614 /* Info.plist */,
				92AD00171A2D819B00F5B614 /* main.m */,
			);
			name = "Supporting Files";
			sourceTree = "<group>";
		};
		92AD002E1A2D819B00F5B614 /* PageFoldingMenuTests */ = {
			isa = PBXGroup;
			children = (
				92AD00311A2D819B00F5B614 /* PageFoldingMenuTests.m */,
				92AD002F1A2D819B00F5B614 /* Supporting Files */,
			);
			path = PageFoldingMenuTests;
			sourceTree = "<group>";
		};
		92AD002F1A2D819B00F5B614 /* Supporting Files */ = {
			isa = PBXGroup;
			children = (
				92AD00301A2D819B00F5B614 /* Info.plist */,
			);
			name = "Supporting Files";
			sourceTree = "<group>";
		};
/* End PBXGroup section */

/* Begin PBXNativeTarget section */
		92AD00111A2D819B00F5B614 /* PageFoldingMenu */ = {
			isa = PBXNativeTarget;
			buildConfigurationList = 92AD00351A2D819B00F5B614 /* Build configuration list for PBXNativeTarget "PageFoldingMenu" */;
			buildPhases = (
				8319C0550B593D3B90327C03 /* Check Pods Manifest.lock */,
				92AD000E1A2D819B00F5B614 /* Sources */,
				92AD000F1A2D819B00F5B614 /* Frameworks */,
				92AD00101A2D819B00F5B614 /* Resources */,
				7E35356662837679FE79C8C0 /* Copy Pods Resources */,
			);
			buildRules = (
			);
			dependencies = (
			);
			name = PageFoldingMenu;
			productName = PageFoldingMenu;
			productReference = 92AD00121A2D819B00F5B614 /* PageFoldingMenu.app */;
			productType = "com.apple.product-type.application";
		};
		92AD002A1A2D819B00F5B614 /* PageFoldingMenuTests */ = {
			isa = PBXNativeTarget;
			buildConfigurationList = 92AD00381A2D819B00F5B614 /* Build configuration list for PBXNativeTarget "PageFoldingMenuTests" */;
			buildPhases = (
				92AD00271A2D819B00F5B614 /* Sources */,
				92AD00281A2D819B00F5B614 /* Frameworks */,
				92AD00291A2D819B00F5B614 /* Resources */,
			);
			buildRules = (
			);
			dependencies = (
				92AD002D1A2D819B00F5B614 /* PBXTargetDependency */,
			);
			name = PageFoldingMenuTests;
			productName = PageFoldingMenuTests;
			productReference = 92AD002B1A2D819B00F5B614 /* PageFoldingMenuTests.xctest */;
			productType = "com.apple.product-type.bundle.unit-test";
		};
/* End PBXNativeTarget section */

/* Begin PBXProject section */
		92AD000A1A2D819B00F5B614 /* Project object */ = {
			isa = PBXProject;
			attributes = {
				LastUpgradeCheck = 0610;
				ORGANIZATIONNAME = zangqilong;
				TargetAttributes = {
					92AD00111A2D819B00F5B614 = {
						CreatedOnToolsVersion = 6.1;
					};
					92AD002A1A2D819B00F5B614 = {
						CreatedOnToolsVersion = 6.1;
						TestTargetID = 92AD00111A2D819B00F5B614;
					};
				};
			};
			buildConfigurationList = 92AD000D1A2D819B00F5B614 /* Build configuration list for PBXProject "PageFoldingMenu" */;
			compatibilityVersion = "Xcode 3.2";
			developmentRegion = English;
			hasScannedForEncodings = 0;
			knownRegions = (
				en,
				Base,
			);
			mainGroup = 92AD00091A2D819B00F5B614;
			productRefGroup = 92AD00131A2D819B00F5B614 /* Products */;
			projectDirPath = "";
			projectRoot = "";
			targets = (
				92AD00111A2D819B00F5B614 /* PageFoldingMenu */,
				92AD002A1A2D819B00F5B614 /* PageFoldingMenuTests */,
			);
		};
/* End PBXProject section */

/* Begin PBXResourcesBuildPhase section */
		92AD00101A2D819B00F5B614 /* Resources */ = {
			isa = PBXResourcesBuildPhase;
			buildActionMask = 2147483647;
			files = (
				927839B91A3C0B8D00321E69 /* work@2x.png in Resources */,
				92AD00211A2D819B00F5B614 /* Main.storyboard in Resources */,
				927839B21A3C0B8D00321E69 /* friends.png in Resources */,
				927839B41A3C0B8D00321E69 /* home.png in Resources */,
				927839B31A3C0B8D00321E69 /* friends@2x.png in Resources */,
				92AD00261A2D819B00F5B614 /* LaunchScreen.xib in Resources */,
				927839B71A3C0B8D00321E69 /* shopping_list@2x.png in Resources */,
				927839B81A3C0B8D00321E69 /* work.png in Resources */,
				927839B51A3C0B8D00321E69 /* home@2x.png in Resources */,
				92AD00231A2D819B00F5B614 /* Images.xcassets in Resources */,
				927839B61A3C0B8D00321E69 /* shopping_list.png in Resources */,
			);
			runOnlyForDeploymentPostprocessing = 0;
		};
		92AD00291A2D819B00F5B614 /* Resources */ = {
			isa = PBXResourcesBuildPhase;
			buildActionMask = 2147483647;
			files = (
			);
			runOnlyForDeploymentPostprocessing = 0;
		};
/* End PBXResourcesBuildPhase section */

/* Begin PBXShellScriptBuildPhase section */
		7E35356662837679FE79C8C0 /* Copy Pods Resources */ = {
			isa = PBXShellScriptBuildPhase;
			buildActionMask = 2147483647;
			files = (
			);
			inputPaths = (
			);
			name = "Copy Pods Resources";
			outputPaths = (
			);
			runOnlyForDeploymentPostprocessing = 0;
			shellPath = /bin/sh;
			shellScript = "\"${SRCROOT}/Pods/Target Support Files/Pods/Pods-resources.sh\"\n";
			showEnvVarsInLog = 0;
		};
		8319C0550B593D3B90327C03 /* Check Pods Manifest.lock */ = {
			isa = PBXShellScriptBuildPhase;
			buildActionMask = 2147483647;
			files = (
			);
			inputPaths = (
			);
			name = "Check Pods Manifest.lock";
			outputPaths = (
			);
			runOnlyForDeploymentPostprocessing = 0;
			shellPath = /bin/sh;
			shellScript = "diff \"${PODS_ROOT}/../Podfile.lock\" \"${PODS_ROOT}/Manifest.lock\" > /dev/null\nif [[ $? != 0 ]] ; then\n    cat << EOM\nerror: The sandbox is not in sync with the Podfile.lock. Run 'pod install' or update your CocoaPods installation.\nEOM\n    exit 1\nfi\n";
			showEnvVarsInLog = 0;
		};
/* End PBXShellScriptBuildPhase section */

/* Begin PBXSourcesBuildPhase section */
		92AD000E1A2D819B00F5B614 /* Sources */ = {
			isa = PBXSourcesBuildPhase;
			buildActionMask = 2147483647;
			files = (
				927839A91A3C0B7E00321E69 /* ViewController.m in Sources */,
				92AD001B1A2D819B00F5B614 /* AppDelegate.m in Sources */,
				927839A71A3C0B7E00321E69 /* LeftViewController.m in Sources */,
				927839A61A3C0B7E00321E69 /* CenterViewController.m in Sources */,
				9278399C1A3C0B7300321E69 /* RECommonFunctions.m in Sources */,
				92AD00181A2D819B00F5B614 /* main.m in Sources */,
			);
			runOnlyForDeploymentPostprocessing = 0;
		};
		92AD00271A2D819B00F5B614 /* Sources */ = {
			isa = PBXSourcesBuildPhase;
			buildActionMask = 2147483647;
			files = (
				92AD00321A2D819B00F5B614 /* PageFoldingMenuTests.m in Sources */,
			);
			runOnlyForDeploymentPostprocessing = 0;
		};
/* End PBXSourcesBuildPhase section */

/* Begin PBXTargetDependency section */
		92AD002D1A2D819B00F5B614 /* PBXTargetDependency */ = {
			isa = PBXTargetDependency;
			target = 92AD00111A2D819B00F5B614 /* PageFoldingMenu */;
			targetProxy = 92AD002C1A2D819B00F5B614 /* PBXContainerItemProxy */;
		};
/* End PBXTargetDependency section */

/* Begin PBXVariantGroup section */
		92AD001F1A2D819B00F5B614 /* Main.storyboard */ = {
			isa = PBXVariantGroup;
			children = (
				92AD00201A2D819B00F5B614 /* Base */,
			);
			name = Main.storyboard;
			sourceTree = "<group>";
		};
		92AD00241A2D819B00F5B614 /* LaunchScreen.xib */ = {
			isa = PBXVariantGroup;
			children = (
				92AD00251A2D819B00F5B614 /* Base */,
			);
			name = LaunchScreen.xib;
			sourceTree = "<group>";
		};
/* End PBXVariantGroup section */

/* Begin XCBuildConfiguration section */
		92AD00331A2D819B00F5B614 /* Debug */ = {
			isa = XCBuildConfiguration;
			buildSettings = {
				ALWAYS_SEARCH_USER_PATHS = NO;
				CLANG_CXX_LANGUAGE_STANDARD = "gnu++0x";
				CLANG_CXX_LIBRARY = "libc++";
				CLANG_ENABLE_MODULES = YES;
				CLANG_ENABLE_OBJC_ARC = YES;
				CLANG_WARN_BOOL_CONVERSION = YES;
				CLANG_WARN_CONSTANT_CONVERSION = YES;
				CLANG_WARN_DIRECT_OBJC_ISA_USAGE = YES_ERROR;
				CLANG_WARN_EMPTY_BODY = YES;
				CLANG_WARN_ENUM_CONVERSION = YES;
				CLANG_WARN_INT_CONVERSION = YES;
				CLANG_WARN_OBJC_ROOT_CLASS = YES_ERROR;
				CLANG_WARN_UNREACHABLE_CODE = YES;
				CLANG_WARN__DUPLICATE_METHOD_MATCH = YES;
				"CODE_SIGN_IDENTITY[sdk=iphoneos*]" = "iPhone Developer";
				COPY_PHASE_STRIP = NO;
				ENABLE_STRICT_OBJC_MSGSEND = YES;
				GCC_C_LANGUAGE_STANDARD = gnu99;
				GCC_DYNAMIC_NO_PIC = NO;
				GCC_OPTIMIZATION_LEVEL = 0;
				GCC_PREPROCESSOR_DEFINITIONS = (
					"DEBUG=1",
					"$(inherited)",
				);
				GCC_SYMBOLS_PRIVATE_EXTERN = NO;
				GCC_WARN_64_TO_32_BIT_CONVERSION = YES;
				GCC_WARN_ABOUT_RETURN_TYPE = YES_ERROR;
				GCC_WARN_UNDECLARED_SELECTOR = YES;
				GCC_WARN_UNINITIALIZED_AUTOS = YES_AGGRESSIVE;
				GCC_WARN_UNUSED_FUNCTION = YES;
				GCC_WARN_UNUSED_VARIABLE = YES;
				IPHONEOS_DEPLOYMENT_TARGET = 8.1;
				MTL_ENABLE_DEBUG_INFO = YES;
				ONLY_ACTIVE_ARCH = YES;
				SDKROOT = iphoneos;
			};
			name = Debug;
		};
		92AD00341A2D819B00F5B614 /* Release */ = {
			isa = XCBuildConfiguration;
			buildSettings = {
				ALWAYS_SEARCH_USER_PATHS = NO;
				CLANG_CXX_LANGUAGE_STANDARD = "gnu++0x";
				CLANG_CXX_LIBRARY = "libc++";
				CLANG_ENABLE_MODULES = YES;
				CLANG_ENABLE_OBJC_ARC = YES;
				CLANG_WARN_BOOL_CONVERSION = YES;
				CLANG_WARN_CONSTANT_CONVERSION = YES;
				CLANG_WARN_DIRECT_OBJC_ISA_USAGE = YES_ERROR;
				CLANG_WARN_EMPTY_BODY = YES;
				CLANG_WARN_ENUM_CONVERSION = YES;
				CLANG_WARN_INT_CONVERSION = YES;
				CLANG_WARN_OBJC_ROOT_CLASS = YES_ERROR;
				CLANG_WARN_UNREACHABLE_CODE = YES;
				CLANG_WARN__DUPLICATE_METHOD_MATCH = YES;
				"CODE_SIGN_IDENTITY[sdk=iphoneos*]" = "iPhone Developer";
				COPY_PHASE_STRIP = YES;
				ENABLE_NS_ASSERTIONS = NO;
				ENABLE_STRICT_OBJC_MSGSEND = YES;
				GCC_C_LANGUAGE_STANDARD = gnu99;
				GCC_WARN_64_TO_32_BIT_CONVERSION = YES;
				GCC_WARN_ABOUT_RETURN_TYPE = YES_ERROR;
				GCC_WARN_UNDECLARED_SELECTOR = YES;
				GCC_WARN_UNINITIALIZED_AUTOS = YES_AGGRESSIVE;
				GCC_WARN_UNUSED_FUNCTION = YES;
				GCC_WARN_UNUSED_VARIABLE = YES;
				IPHONEOS_DEPLOYMENT_TARGET = 8.1;
				MTL_ENABLE_DEBUG_INFO = NO;
				SDKROOT = iphoneos;
				VALIDATE_PRODUCT = YES;
			};
			name = Release;
		};
		92AD00361A2D819B00F5B614 /* Debug */ = {
			isa = XCBuildConfiguration;
			baseConfigurationReference = A3B785EB927762E3AC803408 /* Pods.debug.xcconfig */;
			buildSettings = {
				ASSETCATALOG_COMPILER_APPICON_NAME = AppIcon;
				INFOPLIST_FILE = PageFoldingMenu/Info.plist;
				LD_RUNPATH_SEARCH_PATHS = "$(inherited) @executable_path/Frameworks";
				PRODUCT_NAME = "$(TARGET_NAME)";
			};
			name = Debug;
		};
		92AD00371A2D819B00F5B614 /* Release */ = {
			isa = XCBuildConfiguration;
			baseConfigurationReference = 4731A3D4894C0CA7E49D913C /* Pods.release.xcconfig */;
			buildSettings = {
				ASSETCATALOG_COMPILER_APPICON_NAME = AppIcon;
				INFOPLIST_FILE = PageFoldingMenu/Info.plist;
				LD_RUNPATH_SEARCH_PATHS = "$(inherited) @executable_path/Frameworks";
				PRODUCT_NAME = "$(TARGET_NAME)";
			};
			name = Release;
		};
		92AD00391A2D819B00F5B614 /* Debug */ = {
			isa = XCBuildConfiguration;
			buildSettings = {
				BUNDLE_LOADER = "$(TEST_HOST)";
				FRAMEWORK_SEARCH_PATHS = (
					"$(SDKROOT)/Developer/Library/Frameworks",
					"$(inherited)",
				);
				GCC_PREPROCESSOR_DEFINITIONS = (
					"DEBUG=1",
					"$(inherited)",
				);
				INFOPLIST_FILE = PageFoldingMenuTests/Info.plist;
				LD_RUNPATH_SEARCH_PATHS = "$(inherited) @executable_path/Frameworks @loader_path/Frameworks";
				PRODUCT_NAME = "$(TARGET_NAME)";
				TEST_HOST = "$(BUILT_PRODUCTS_DIR)/PageFoldingMenu.app/PageFoldingMenu";
			};
			name = Debug;
		};
		92AD003A1A2D819B00F5B614 /* Release */ = {
			isa = XCBuildConfiguration;
			buildSettings = {
				BUNDLE_LOADER = "$(TEST_HOST)";
				FRAMEWORK_SEARCH_PATHS = (
					"$(SDKROOT)/Developer/Library/Frameworks",
					"$(inherited)",
				);
				INFOPLIST_FILE = PageFoldingMenuTests/Info.plist;
				LD_RUNPATH_SEARCH_PATHS = "$(inherited) @executable_path/Frameworks @loader_path/Frameworks";
				PRODUCT_NAME = "$(TARGET_NAME)";
				TEST_HOST = "$(BUILT_PRODUCTS_DIR)/PageFoldingMenu.app/PageFoldingMenu";
			};
			name = Release;
		};
/* End XCBuildConfiguration section */

/* Begin XCConfigurationList section */
		92AD000D1A2D819B00F5B614 /* Build configuration list for PBXProject "PageFoldingMenu" */ = {
			isa = XCConfigurationList;
			buildConfigurations = (
				92AD00331A2D819B00F5B614 /* Debug */,
				92AD00341A2D819B00F5B614 /* Release */,
			);
			defaultConfigurationIsVisible = 0;
			defaultConfigurationName = Release;
		};
		92AD00351A2D819B00F5B614 /* Build configuration list for PBXNativeTarget "PageFoldingMenu" */ = {
			isa = XCConfigurationList;
			buildConfigurations = (
				92AD00361A2D819B00F5B614 /* Debug */,
				92AD00371A2D819B00F5B614 /* Release */,
			);
			defaultConfigurationIsVisible = 0;
			defaultConfigurationName = Release;
		};
		92AD00381A2D819B00F5B614 /* Build configuration list for PBXNativeTarget "PageFoldingMenuTests" */ = {
			isa = XCConfigurationList;
			buildConfigurations = (
				92AD00391A2D819B00F5B614 /* Debug */,
				92AD003A1A2D819B00F5B614 /* Release */,
			);
			defaultConfigurationIsVisible = 0;
			defaultConfigurationName = Release;
		};
/* End XCConfigurationList section */
	};
	rootObject = 92AD000A1A2D819B00F5B614 /* Project object */;
}
