// !$*UTF8*$!
{
	archiveVersion = 1;
	classes = {
	};
	objectVersion = 46;
	objects = {

/* Begin PBXBuildFile section */
		92AD00181A2D819B00F5B614 /* main.m in Sources */ = {isa = PBXBuildFile; fileRef = 92AD00171A2D819B00F5B614 /* main.m */; };
		92AD001B1A2D819B00F5B614 /* AppDelegate.m in Sources */ = {isa = PBXBuildFile; fileRef = 92AD001A1A2D819B00F5B614 /* AppDelegate.m */; };
		92AD001E1A2D819B00F5B614 /* ViewController.m in Sources */ = {isa = PBXBuildFile; fileRef = 92AD001D1A2D819B00F5B614 /* ViewController.m */; };
		92AD00211A2D819B00F5B614 /* Main.storyboard in Resources */ = {isa = PBXBuildFile; fileRef = 92AD001F1A2D819B00F5B614 /* Main.storyboard */; };
		92AD00231A2D819B00F5B614 /* Images.xcassets in Resources */ = {isa = PBXBuildFile; fileRef = 92AD00221A2D819B00F5B614 /* Images.xcassets */; };
		92AD00261A2D819B00F5B614 /* LaunchScreen.xib in Resources */ = {isa = PBXBuildFile; fileRef = 92AD00241A2D819B00F5B614 /* LaunchScreen.xib */; };
		92AD00321A2D819B00F5B614 /* PageFoldingMenuTests.m in Sources */ = {isa = PBXBuildFile; fileRef = 92AD00311A2D819B00F5B614 /* PageFoldingMenuTests.m */; };
/* End PBXBuildFile section */

/* Begin PBXContainerItemProxy section */
		92AD002C1A2D819B00F5B614 /* PBXContainerItemProxy */ = {
			isa = PBXContainerItemProxy;
			containerPortal = 92AD000A1A2D819B00F5B614 /* Project object */;
			proxyType = 1;
			remoteGlobalIDString = 92AD00111A2D819B00F5B614;
			remoteInfo = PageFoldingMenu;
		};
/* End PBXContainerItemProxy section */

/* Begin PBXFileReference section */
		92AD00121A2D819B00F5B614 /* PageFoldingMenu.app */ = {isa = PBXFileReference; explicitFileType = wrapper.application; includeInIndex = 0; path = PageFoldingMenu.app; sourceTree = BUILT_PRODUCTS_DIR; };
		92AD00161A2D819B00F5B614 /* Info.plist */ = {isa = PBXFileReference; lastKnownFileType = text.plist.xml; path = Info.plist; sourceTree = "<group>"; };
		92AD00171A2D819B00F5B614 /* main.m */ = {isa = PBXFileReference; lastKnownFileType = sourcecode.c.objc; path = main.m; sourceTree = "<group>"; };
		92AD00191A2D819B00F5B614 /* AppDelegate.h */ = {isa = PBXFileReference; lastKnownFileType = sourcecode.c.h; path = AppDelegate.h; sourceTree = "<group>"; };
		92AD001A1A2D819B00F5B614 /* AppDelegate.m */ = {isa = PBXFileReference; lastKnownFileType = sourcecode.c.objc; path = AppDelegate.m; sourceTree = "<group>"; };
		92AD001C1A2D819B00F5B614 /* ViewController.h */ = {isa = PBXFileReference; lastKnownFileType = sourcecode.c.h; path = ViewController.h; sourceTree = "<group>"; };
		92AD001D1A2D819B00F5B614 /* ViewController.m */ = {isa = PBXFileReference; lastKnownFileType = sourcecode.c.objc; path = ViewController.m; sourceTree = "<group>"; };
		92AD00201A2D819B00F5B614 /* Base */ = {isa = PBXFileReference; lastKnownFileType = file.storyboard; name = Base; path = Base.lproj/Main.storyboard; sourceTree = "<group>"; };
		92AD00221A2D819B00F5B614 /* Images.xcassets */ = {isa = PBXFileReference; lastKnownFileType = folder.assetcatalog; path = Images.xcassets; sourceTree = "<group>"; };
		92AD00251A2D819B00F5B614 /* Base */ = {isa = PBXFileReference; lastKnownFileType = file.xib; name = Base; path = Base.lproj/LaunchScreen.xib; sourceTree = "<group>"; };
		92AD002B1A2D819B00F5B614 /* PageFoldingMenuTests.xctest */ = {isa = PBXFileReference; explicitFileType = wrapper.cfbundle; includeInIndex = 0; path = PageFoldingMenuTests.xctest; sourceTree = BUILT_PRODUCTS_DIR; };
		92AD00301A2D819B00F5B614 /* Info.plist */ = {isa = PBXFileReference; lastKnownFileType = text.plist.xml; path = Info.plist; sourceTree = "<group>"; };
		92AD00311A2D819B00F5B614 /* PageFoldingMenuTests.m */ = {isa = PBXFileReference; lastKnownFileType = sourcecode.c.objc; path = PageFoldingMenuTests.m; sourceTree = "<group>"; };
/* End PBXFileReference section */

/* Begin PBXFrameworksBuildPhase section */
		92AD000F1A2D819B00F5B614 /* Frameworks */ = {
			isa = PBXFrameworksBuildPhase;
			buildActionMask = 2147483647;
			files = (
			);
			runOnlyForDeploymentPostprocessing = 0;
		};
		92AD00281A2D819B00F5B614 /* Frameworks */ = {
			isa = PBXFrameworksBuildPhase;
			buildActionMask = 2147483647;
			files = (
			);
			runOnlyForDeploymentPostprocessing = 0;
		};
/* End PBXFrameworksBuildPhase section */

/* Begin PBXGroup section */
		92AD00091A2D819B00F5B614 = {
			isa = PBXGroup;
			children = (
				92AD00141A2D819B00F5B614 /* PageFoldingMenu */,
				92AD002E1A2D819B00F5B614 /* PageFoldingMenuTests */,
				92AD00131A2D819B00F5B614 /* Products */,
			);
			sourceTree = "<group>";
		};
		92AD00131A2D819B00F5B614 /* Products */ = {
			isa = PBXGroup;
			children = (
				92AD00121A2D819B00F5B614 /* PageFoldingMenu.app */,
				92AD002B1A2D819B00F5B614 /* PageFoldingMenuTests.xctest */,
			);
			name = Products;
			sourceTree = "<group>";
		};
		92AD00141A2D819B00F5B614 /* PageFoldingMenu */ = {
			isa = PBXGroup;
			children = (
				92AD00191A2D819B00F5B614 /* AppDelegate.h */,
				92AD001A1A2D819B00F5B614 /* AppDelegate.m */,
				92AD001C1A2D819B00F5B614 /* ViewController.h */,
				92AD001D1A2D819B00F5B614 /* ViewController.m */,
				92AD001F1A2D819B00F5B614 /* Main.storyboard */,
				92AD00221A2D819B00F5B614 /* Images.xcassets */,
				92AD00241A2D819B00F5B614 /* LaunchScreen.xib */,
				92AD00151A2D819B00F5B614 /* Supporting Files */,
			);
			path = PageFoldingMenu;
			sourceTree = "<group>";
		};
		92AD00151A2D819B00F5B614 /* Supporting Files */ = {
			isa = PBXGroup;
			children = (
				92AD00161A2D819B00F5B614 /* Info.plist */,
				92AD00171A2D819B00F5B614 /* main.m */,
			);
			name = "Supporting Files";
			sourceTree = "<group>";
		};
		92AD002E1A2D819B00F5B614 /* PageFoldingMenuTests */ = {
			isa = PBXGroup;
			children = (
				92AD00311A2D819B00F5B614 /* PageFoldingMenuTests.m */,
				92AD002F1A2D819B00F5B614 /* Supporting Files */,
			);
			path = PageFoldingMenuTests;
			sourceTree = "<group>";
		};
		92AD002F1A2D819B00F5B614 /* Supporting Files */ = {
			isa = PBXGroup;
			children = (
				92AD00301A2D819B00F5B614 /* Info.plist */,
			);
			name = "Supporting Files";
			sourceTree = "<group>";
		};
/* End PBXGroup section */

/* Begin PBXNativeTarget section */
		92AD00111A2D819B00F5B614 /* PageFoldingMenu */ = {
			isa = PBXNativeTarget;
			buildConfigurationList = 92AD00351A2D819B00F5B614 /* Build configuration list for PBXNativeTarget "PageFoldingMenu" */;
			buildPhases = (
				92AD000E1A2D819B00F5B614 /* Sources */,
				92AD000F1A2D819B00F5B614 /* Frameworks */,
				92AD00101A2D819B00F5B614 /* Resources */,
			);
			buildRules = (
			);
			dependencies = (
			);
			name = PageFoldingMenu;
			productName = PageFoldingMenu;
			productReference = 92AD00121A2D819B00F5B614 /* PageFoldingMenu.app */;
			productType = "com.apple.product-type.application";
		};
		92AD002A1A2D819B00F5B614 /* PageFoldingMenuTests */ = {
			isa = PBXNativeTarget;
			buildConfigurationList = 92AD00381A2D819B00F5B614 /* Build configuration list for PBXNativeTarget "PageFoldingMenuTests" */;
			buildPhases = (
				92AD00271A2D819B00F5B614 /* Sources */,
				92AD00281A2D819B00F5B614 /* Frameworks */,
				92AD00291A2D819B00F5B614 /* Resources */,
			);
			buildRules = (
			);
			dependencies = (
				92AD002D1A2D819B00F5B614 /* PBXTargetDependency */,
			);
			name = PageFoldingMenuTests;
			productName = PageFoldingMenuTests;
			productReference = 92AD002B1A2D819B00F5B614 /* PageFoldingMenuTests.xctest */;
			productType = "com.apple.product-type.bundle.unit-test";
		};
/* End PBXNativeTarget section */

/* Begin PBXProject section */
		92AD000A1A2D819B00F5B614 /* Project object */ = {
			isa = PBXProject;
			attributes = {
				LastUpgradeCheck = 0610;
				ORGANIZATIONNAME = zangqilong;
				TargetAttributes = {
					92AD00111A2D819B00F5B614 = {
						CreatedOnToolsVersion = 6.1;
					};
					92AD002A1A2D819B00F5B614 = {
						CreatedOnToolsVersion = 6.1;
						TestTargetID = 92AD00111A2D819B00F5B614;
					};
				};
			};
			buildConfigurationList = 92AD000D1A2D819B00F5B614 /* Build configuration list for PBXProject "PageFoldingMenu" */;
			compatibilityVersion = "Xcode 3.2";
			developmentRegion = English;
			hasScannedForEncodings = 0;
			knownRegions = (
				en,
				Base,
			);
			mainGroup = 92AD00091A2D819B00F5B614;
			productRefGroup = 92AD00131A2D819B00F5B614 /* Products */;
			projectDirPath = "";
			projectRoot = "";
			targets = (
				92AD00111A2D819B00F5B614 /* PageFoldingMenu */,
				92AD002A1A2D819B00F5B614 /* PageFoldingMenuTests */,
			);
		};
/* End PBXProject section */

/* Begin PBXResourcesBuildPhase section */
		92AD00101A2D819B00F5B614 /* Resources */ = {
			isa = PBXResourcesBuildPhase;
			buildActionMask = 2147483647;
			files = (
				92AD00211A2D819B00F5B614 /* Main.storyboard in Resources */,
				92AD00261A2D819B00F5B614 /* LaunchScreen.xib in Resources */,
				92AD00231A2D819B00F5B614 /* Images.xcassets in Resources */,
			);
			runOnlyForDeploymentPostprocessing = 0;
		};
		92AD00291A2D819B00F5B614 /* Resources */ = {
			isa = PBXResourcesBuildPhase;
			buildActionMask = 2147483647;
			files = (
			);
			runOnlyForDeploymentPostprocessing = 0;
		};
/* End PBXResourcesBuildPhase section */

/* Begin PBXSourcesBuildPhase section */
		92AD000E1A2D819B00F5B614 /* Sources */ = {
			isa = PBXSourcesBuildPhase;
			buildActionMask = 2147483647;
			files = (
				92AD001E1A2D819B00F5B614 /* ViewController.m in Sources */,
				92AD001B1A2D819B00F5B614 /* AppDelegate.m in Sources */,
				92AD00181A2D819B00F5B614 /* main.m in Sources */,
			);
			runOnlyForDeploymentPostprocessing = 0;
		};
		92AD00271A2D819B00F5B614 /* Sources */ = {
			isa = PBXSourcesBuildPhase;
			buildActionMask = 2147483647;
			files = (
				92AD00321A2D819B00F5B614 /* PageFoldingMenuTests.m in Sources */,
			);
			runOnlyForDeploymentPostprocessing = 0;
		};
/* End PBXSourcesBuildPhase section */

/* Begin PBXTargetDependency section */
		92AD002D1A2D819B00F5B614 /* PBXTargetDependency */ = {
			isa = PBXTargetDependency;
			target = 92AD00111A2D819B00F5B614 /* PageFoldingMenu */;
			targetProxy = 92AD002C1A2D819B00F5B614 /* PBXContainerItemProxy */;
		};
/* End PBXTargetDependency section */

/* Begin PBXVariantGroup section */
		92AD001F1A2D819B00F5B614 /* Main.storyboard */ = {
			isa = PBXVariantGroup;
			children = (
				92AD00201A2D819B00F5B614 /* Base */,
			);
			name = Main.storyboard;
			sourceTree = "<group>";
		};
		92AD00241A2D819B00F5B614 /* LaunchScreen.xib */ = {
			isa = PBXVariantGroup;
			children = (
				92AD00251A2D819B00F5B614 /* Base */,
			);
			name = LaunchScreen.xib;
			sourceTree = "<group>";
		};
/* End PBXVariantGroup section */

/* Begin XCBuildConfiguration section */
		92AD00331A2D819B00F5B614 /* Debug */ = {
			isa = XCBuildConfiguration;
			buildSettings = {
				ALWAYS_SEARCH_USER_PATHS = NO;
				CLANG_CXX_LANGUAGE_STANDARD = "gnu++0x";
				CLANG_CXX_LIBRARY = "libc++";
				CLANG_ENABLE_MODULES = YES;
				CLANG_ENABLE_OBJC_ARC = YES;
				CLANG_WARN_BOOL_CONVERSION = YES;
				CLANG_WARN_CONSTANT_CONVERSION = YES;
				CLANG_WARN_DIRECT_OBJC_ISA_USAGE = YES_ERROR;
				CLANG_WARN_EMPTY_BODY = YES;
				CLANG_WARN_ENUM_CONVERSION = YES;
				CLANG_WARN_INT_CONVERSION = YES;
				CLANG_WARN_OBJC_ROOT_CLASS = YES_ERROR;
				CLANG_WARN_UNREACHABLE_CODE = YES;
				CLANG_WARN__DUPLICATE_METHOD_MATCH = YES;
				"CODE_SIGN_IDENTITY[sdk=iphoneos*]" = "iPhone Developer";
				COPY_PHASE_STRIP = NO;
				ENABLE_STRICT_OBJC_MSGSEND = YES;
				GCC_C_LANGUAGE_STANDARD = gnu99;
				GCC_DYNAMIC_NO_PIC = NO;
				GCC_OPTIMIZATION_LEVEL = 0;
				GCC_PREPROCESSOR_DEFINITIONS = (
					"DEBUG=1",
					"$(inherited)",
				);
				GCC_SYMBOLS_PRIVATE_EXTERN = NO;
				GCC_WARN_64_TO_32_BIT_CONVERSION = YES;
				GCC_WARN_ABOUT_RETURN_TYPE = YES_ERROR;
				GCC_WARN_UNDECLARED_SELECTOR = YES;
				GCC_WARN_UNINITIALIZED_AUTOS = YES_AGGRESSIVE;
				GCC_WARN_UNUSED_FUNCTION = YES;
				GCC_WARN_UNUSED_VARIABLE = YES;
				IPHONEOS_DEPLOYMENT_TARGET = 8.1;
				MTL_ENABLE_DEBUG_INFO = YES;
				ONLY_ACTIVE_ARCH = YES;
				SDKROOT = iphoneos;
			};
			name = Debug;
		};
		92AD00341A2D819B00F5B614 /* Release */ = {
			isa = XCBuildConfiguration;
			buildSettings = {
				ALWAYS_SEARCH_USER_PATHS = NO;
				CLANG_CXX_LANGUAGE_STANDARD = "gnu++0x";
				CLANG_CXX_LIBRARY = "libc++";
				CLANG_ENABLE_MODULES = YES;
				CLANG_ENABLE_OBJC_ARC = YES;
				CLANG_WARN_BOOL_CONVERSION = YES;
				CLANG_WARN_CONSTANT_CONVERSION = YES;
				CLANG_WARN_DIRECT_OBJC_ISA_USAGE = YES_ERROR;
				CLANG_WARN_EMPTY_BODY = YES;
				CLANG_WARN_ENUM_CONVERSION = YES;
				CLANG_WARN_INT_CONVERSION = YES;
				CLANG_WARN_OBJC_ROOT_CLASS = YES_ERROR;
				CLANG_WARN_UNREACHABLE_CODE = YES;
				CLANG_WARN__DUPLICATE_METHOD_MATCH = YES;
				"CODE_SIGN_IDENTITY[sdk=iphoneos*]" = "iPhone Developer";
				COPY_PHASE_STRIP = YES;
				ENABLE_NS_ASSERTIONS = NO;
				ENABLE_STRICT_OBJC_MSGSEND = YES;
				GCC_C_LANGUAGE_STANDARD = gnu99;
				GCC_WARN_64_TO_32_BIT_CONVERSION = YES;
				GCC_WARN_ABOUT_RETURN_TYPE = YES_ERROR;
				GCC_WARN_UNDECLARED_SELECTOR = YES;
				GCC_WARN_UNINITIALIZED_AUTOS = YES_AGGRESSIVE;
				GCC_WARN_UNUSED_FUNCTION = YES;
				GCC_WARN_UNUSED_VARIABLE = YES;
				IPHONEOS_DEPLOYMENT_TARGET = 8.1;
				MTL_ENABLE_DEBUG_INFO = NO;
				SDKROOT = iphoneos;
				VALIDATE_PRODUCT = YES;
			};
			name = Release;
		};
		92AD00361A2D819B00F5B614 /* Debug */ = {
			isa = XCBuildConfiguration;
			buildSettings = {
				ASSETCATALOG_COMPILER_APPICON_NAME = AppIcon;
				INFOPLIST_FILE = PageFoldingMenu/Info.plist;
				LD_RUNPATH_SEARCH_PATHS = "$(inherited) @executable_path/Frameworks";
				PRODUCT_NAME = "$(TARGET_NAME)";
			};
			name = Debug;
		};
		92AD00371A2D819B00F5B614 /* Release */ = {
			isa = XCBuildConfiguration;
			buildSettings = {
				ASSETCATALOG_COMPILER_APPICON_NAME = AppIcon;
				INFOPLIST_FILE = PageFoldingMenu/Info.plist;
				LD_RUNPATH_SEARCH_PATHS = "$(inherited) @executable_path/Frameworks";
				PRODUCT_NAME = "$(TARGET_NAME)";
			};
			name = Release;
		};
		92AD00391A2D819B00F5B614 /* Debug */ = {
			isa = XCBuildConfiguration;
			buildSettings = {
				BUNDLE_LOADER = "$(TEST_HOST)";
				FRAMEWORK_SEARCH_PATHS = (
					"$(SDKROOT)/Developer/Library/Frameworks",
					"$(inherited)",
				);
				GCC_PREPROCESSOR_DEFINITIONS = (
					"DEBUG=1",
					"$(inherited)",
				);
				INFOPLIST_FILE = PageFoldingMenuTests/Info.plist;
				LD_RUNPATH_SEARCH_PATHS = "$(inherited) @executable_path/Frameworks @loader_path/Frameworks";
				PRODUCT_NAME = "$(TARGET_NAME)";
				TEST_HOST = "$(BUILT_PRODUCTS_DIR)/PageFoldingMenu.app/PageFoldingMenu";
			};
			name = Debug;
		};
		92AD003A1A2D819B00F5B614 /* Release */ = {
			isa = XCBuildConfiguration;
			buildSettings = {
				BUNDLE_LOADER = "$(TEST_HOST)";
				FRAMEWORK_SEARCH_PATHS = (
					"$(SDKROOT)/Developer/Library/Frameworks",
					"$(inherited)",
				);
				INFOPLIST_FILE = PageFoldingMenuTests/Info.plist;
				LD_RUNPATH_SEARCH_PATHS = "$(inherited) @executable_path/Frameworks @loader_path/Frameworks";
				PRODUCT_NAME = "$(TARGET_NAME)";
				TEST_HOST = "$(BUILT_PRODUCTS_DIR)/PageFoldingMenu.app/PageFoldingMenu";
			};
			name = Release;
		};
/* End XCBuildConfiguration section */

/* Begin XCConfigurationList section */
		92AD000D1A2D819B00F5B614 /* Build configuration list for PBXProject "PageFoldingMenu" */ = {
			isa = XCConfigurationList;
			buildConfigurations = (
				92AD00331A2D819B00F5B614 /* Debug */,
				92AD00341A2D819B00F5B614 /* Release */,
			);
			defaultConfigurationIsVisible = 0;
			defaultConfigurationName = Release;
		};
		92AD00351A2D819B00F5B614 /* Build configuration list for PBXNativeTarget "PageFoldingMenu" */ = {
			isa = XCConfigurationList;
			buildConfigurations = (
				92AD00361A2D819B00F5B614 /* Debug */,
				92AD00371A2D819B00F5B614 /* Release */,
			);
			defaultConfigurationIsVisible = 0;
		};
		92AD00381A2D819B00F5B614 /* Build configuration list for PBXNativeTarget "PageFoldingMenuTests" */ = {
			isa = XCConfigurationList;
			buildConfigurations = (
				92AD00391A2D819B00F5B614 /* Debug */,
				92AD003A1A2D819B00F5B614 /* Release */,
			);
			defaultConfigurationIsVisible = 0;
		};
/* End XCConfigurationList section */
	};
	rootObject = 92AD000A1A2D819B00F5B614 /* Project object */;
}
